
Microsoft Visual Studio Solution File, Format Version 12.00
# Visual Studio Version 17
VisualStudioVersion = 17.1.32414.318
MinimumVisualStudioVersion = 10.0.40219.1
Project("{FAE04EC0-301F-11D3-BF4B-00C04F79EFBC}") = "Encipher", "Encipher\Encipher.csproj", "{A3B6A82D-7129-49DC-BB06-896D9463114D}"
EndProject
Global
	GlobalSection(SolutionConfigurationPlatforms) = preSolution
		Debug|Any CPU = Debug|Any CPU
		Release|Any CPU = Release|Any CPU
	EndGlobalSection
	GlobalSection(ProjectConfigurationPlatforms) = postSolution
		{A3B6A82D-7129-49DC-BB06-896D9463114D}.Debug|Any CPU.ActiveCfg = Debug|Any CPU
		{A3B6A82D-7129-49DC-BB06-896D9463114D}.Debug|Any CPU.Build.0 = Debug|Any CPU
		{A3B6A82D-7129-49DC-BB06-896D9463114D}.Release|Any CPU.ActiveCfg = Release|Any CPU
		{A3B6A82D-7129-49DC-BB06-896D9463114D}.Release|Any CPU.Build.0 = Release|Any CPU
	EndGlobalSection
	GlobalSection(SolutionProperties) = preSolution
		HideSolutionNode = FALSE
	EndGlobalSection
	GlobalSection(ExtensibilityGlobals) = postSolution
		SolutionGuid = {0278E55E-4662-4579-84B3-B616CCB583E7}
	EndGlobalSection
EndGlobal
